
Microsoft Visual Studio Solution File, Format Version 12.00
# Visual Studio Version 17
VisualStudioVersion = 17.4.33213.308
MinimumVisualStudioVersion = 10.0.40219.1
Project("{FAE04EC0-301F-11D3-BF4B-00C04F79EFBC}") = "RaylibTest", "RaylibTest.csproj", "{D398A99B-F9AB-482A-943F-A7318C14EB32}"
EndProject
Global
	GlobalSection(SolutionConfigurationPlatforms) = preSolution
		Debug|Any CPU = Debug|Any CPU
		Release|Any CPU = Release|Any CPU
	EndGlobalSection
	GlobalSection(ProjectConfigurationPlatforms) = postSolution
		{D398A99B-F9AB-482A-943F-A7318C14EB32}.Debug|Any CPU.ActiveCfg = Debug|Any CPU
		{D398A99B-F9AB-482A-943F-A7318C14EB32}.Debug|Any CPU.Build.0 = Debug|Any CPU
		{D398A99B-F9AB-482A-943F-A7318C14EB32}.Release|Any CPU.ActiveCfg = Release|Any CPU
		{D398A99B-F9AB-482A-943F-A7318C14EB32}.Release|Any CPU.Build.0 = Release|Any CPU
	EndGlobalSection
	GlobalSection(SolutionProperties) = preSolution
		HideSolutionNode = FALSE
	EndGlobalSection
	GlobalSection(ExtensibilityGlobals) = postSolution
		SolutionGuid = {76CDF15B-755C-49FF-AA03-55D87A9AE013}
	EndGlobalSection
EndGlobal
